
Microsoft Visual Studio Solution File, Format Version 12.00
# Visual Studio 14
VisualStudioVersion = 14.0.25420.1
MinimumVisualStudioVersion = 10.0.40219.1
Project("{FAE04EC0-301F-11D3-BF4B-00C04F79EFBC}") = "DesignAndPrint", "DesignAndPrint\DesignAndPrint.csproj", "{274E637A-8096-4FDA-A62D-493A5DFEC884}"
EndProject
Project("{FAE04EC0-301F-11D3-BF4B-00C04F79EFBC}") = "DesignAndPrintTests", "DesignAndPrintTests\DesignAndPrintTests.csproj", "{3068E852-3F7A-4FC8-9BBA-5A4820E96B0D}"
EndProject
Global
	GlobalSection(SolutionConfigurationPlatforms) = preSolution
		Debug|Any CPU = Debug|Any CPU
		Release|Any CPU = Release|Any CPU
	EndGlobalSection
	GlobalSection(ProjectConfigurationPlatforms) = postSolution
		{274E637A-8096-4FDA-A62D-493A5DFEC884}.Debug|Any CPU.ActiveCfg = Debug|Any CPU
		{274E637A-8096-4FDA-A62D-493A5DFEC884}.Debug|Any CPU.Build.0 = Debug|Any CPU
		{274E637A-8096-4FDA-A62D-493A5DFEC884}.Release|Any CPU.ActiveCfg = Release|Any CPU
		{274E637A-8096-4FDA-A62D-493A5DFEC884}.Release|Any CPU.Build.0 = Release|Any CPU
		{3068E852-3F7A-4FC8-9BBA-5A4820E96B0D}.Debug|Any CPU.ActiveCfg = Debug|Any CPU
		{3068E852-3F7A-4FC8-9BBA-5A4820E96B0D}.Debug|Any CPU.Build.0 = Debug|Any CPU
		{3068E852-3F7A-4FC8-9BBA-5A4820E96B0D}.Release|Any CPU.ActiveCfg = Release|Any CPU
		{3068E852-3F7A-4FC8-9BBA-5A4820E96B0D}.Release|Any CPU.Build.0 = Release|Any CPU
	EndGlobalSection
	GlobalSection(SolutionProperties) = preSolution
		HideSolutionNode = FALSE
	EndGlobalSection
EndGlobal
